
Microsoft Visual Studio Solution File, Format Version 12.00
# Visual Studio Version 16
VisualStudioVersion = 16.0.30320.27
MinimumVisualStudioVersion = 10.0.40219.1
Project("{FAE04EC0-301F-11D3-BF4B-00C04F79EFBC}") = "SincUtilities", "SincUtilities\SincUtilities.csproj", "{D94A9825-113C-49B8-99C3-0E93404BBC1B}"
EndProject
Global
	GlobalSection(SolutionConfigurationPlatforms) = preSolution
		Debug|Any CPU = Debug|Any CPU
		Release|Any CPU = Release|Any CPU
	EndGlobalSection
	GlobalSection(ProjectConfigurationPlatforms) = postSolution
		{D94A9825-113C-49B8-99C3-0E93404BBC1B}.Debug|Any CPU.ActiveCfg = Debug|Any CPU
		{D94A9825-113C-49B8-99C3-0E93404BBC1B}.Debug|Any CPU.Build.0 = Debug|Any CPU
		{D94A9825-113C-49B8-99C3-0E93404BBC1B}.Release|Any CPU.ActiveCfg = Release|Any CPU
		{D94A9825-113C-49B8-99C3-0E93404BBC1B}.Release|Any CPU.Build.0 = Release|Any CPU
	EndGlobalSection
	GlobalSection(SolutionProperties) = preSolution
		HideSolutionNode = FALSE
	EndGlobalSection
	GlobalSection(ExtensibilityGlobals) = postSolution
		SolutionGuid = {7DAB2F8E-157B-4DB3-B9F8-B8C653379755}
	EndGlobalSection
EndGlobal
